[[package]]
category = "main"
description = "The ADAL for Python library makes it easy for python application to authenticate to Azure Active Directory (AAD) in order to access AAD protected web resources."
name = "adal"
optional = false
python-versions = "*"
version = "1.2.2"

[package.dependencies]
PyJWT = ">=1.0.0"
cryptography = ">=1.1.0"
python-dateutil = ">=2.1.0"
requests = ">=2.0.0"

[[package]]
category = "main"
description = "Microsoft Azure Cognitive Services Image Search Client Library for Python"
name = "azure-cognitiveservices-search-imagesearch"
optional = false
python-versions = "*"
version = "2.0.0"

[package.dependencies]
azure-common = ">=1.1,<2.0"
msrest = ">=0.5.0"
msrestazure = ">=0.4.32,<2.0.0"

[[package]]
category = "main"
description = "Microsoft Azure Cognitive Services Web Search Client Library for Python"
name = "azure-cognitiveservices-search-websearch"
optional = false
python-versions = "*"
version = "2.0.0"

[package.dependencies]
azure-common = ">=1.1,<2.0"
msrest = ">=0.5.0"
msrestazure = ">=0.4.32,<2.0.0"

[[package]]
category = "main"
description = "Microsoft Azure Client Library for Python (Common)"
name = "azure-common"
optional = false
python-versions = "*"
version = "1.1.24"

[[package]]
category = "main"
description = "Screen-scraping library"
name = "beautifulsoup4"
optional = false
python-versions = "*"
version = "4.8.2"

[package.dependencies]
soupsieve = ">=1.2"

[[package]]
category = "main"
description = "The AWS SDK for Python"
name = "boto3"
optional = false
python-versions = "*"
version = "1.11.5"

[package.dependencies]
botocore = ">=1.14.5,<1.15.0"
jmespath = ">=0.7.1,<1.0.0"
s3transfer = ">=0.3.0,<0.4.0"

[[package]]
category = "main"
description = "Low-level, data-driven core of boto 3."
name = "botocore"
optional = false
python-versions = "*"
version = "1.14.5"

[package.dependencies]
docutils = ">=0.10,<0.16"
jmespath = ">=0.7.1,<1.0.0"
python-dateutil = ">=2.1,<3.0.0"
urllib3 = ">=1.20,<1.26"

[[package]]
category = "main"
description = "Dummy package for Beautiful Soup"
name = "bs4"
optional = false
python-versions = "*"
version = "0.0.1"

[package.dependencies]
beautifulsoup4 = "*"

[[package]]
category = "main"
description = "Python package for providing Mozilla's CA Bundle."
name = "certifi"
optional = false
python-versions = "*"
version = "2019.11.28"

[[package]]
category = "main"
description = "Foreign Function Interface for Python calling C code."
name = "cffi"
optional = false
python-versions = "*"
version = "1.14.0"

[package.dependencies]
pycparser = "*"

[[package]]
category = "main"
description = "Universal encoding detector for Python 2 and 3"
name = "chardet"
optional = false
python-versions = "*"
version = "3.0.4"

[[package]]
category = "main"
description = "Composable command line interface toolkit"
name = "click"
optional = false
python-versions = ">=2.7, !=3.0.*, !=3.1.*, !=3.2.*, !=3.3.*, !=3.4.*"
version = "7.1.1"

[[package]]
category = "main"
description = "cryptography is a package which provides cryptographic recipes and primitives to Python developers."
name = "cryptography"
optional = false
python-versions = ">=2.7,!=3.0.*,!=3.1.*,!=3.2.*,!=3.3.*"
version = "2.8"

[package.dependencies]
cffi = ">=1.8,<1.11.3 || >1.11.3"
six = ">=1.4.1"

[[package]]
category = "main"
description = "Docutils -- Python Documentation Utilities"
name = "docutils"
optional = false
python-versions = ">=2.6, !=3.0.*, !=3.1.*, !=3.2.*"
version = "0.15.2"

[[package]]
category = "main"
description = "A simple framework for building complex web applications."
name = "flask"
optional = false
python-versions = ">=2.7, !=3.0.*, !=3.1.*, !=3.2.*, !=3.3.*, !=3.4.*"
version = "1.1.1"

[package.dependencies]
Jinja2 = ">=2.10.1"
Werkzeug = ">=0.15"
click = ">=5.1"
itsdangerous = ">=0.24"

[[package]]
category = "main"
description = "A Flask extension adding a decorator for CORS support"
name = "flask-cors"
optional = false
python-versions = "*"
version = "3.0.8"

[package.dependencies]
Flask = ">=0.9"
Six = "*"

[[package]]
category = "main"
description = "Internationalized Domain Names in Applications (IDNA)"
name = "idna"
optional = false
python-versions = ">=2.7, !=3.0.*, !=3.1.*, !=3.2.*, !=3.3.*"
version = "2.8"

[[package]]
category = "main"
description = "An ISO 8601 date/time/duration parser and formatter"
name = "isodate"
optional = false
python-versions = "*"
version = "0.6.0"

[package.dependencies]
six = "*"

[[package]]
category = "main"
description = "Various helpers to pass data to untrusted environments and back."
name = "itsdangerous"
optional = false
python-versions = ">=2.7, !=3.0.*, !=3.1.*, !=3.2.*, !=3.3.*"
version = "1.1.0"

[[package]]
category = "main"
description = "A very fast and expressive template engine."
name = "jinja2"
optional = false
python-versions = ">=2.7, !=3.0.*, !=3.1.*, !=3.2.*, !=3.3.*, !=3.4.*"
version = "2.11.1"

[package.dependencies]
MarkupSafe = ">=0.23"

[[package]]
category = "main"
description = "JSON Matching Expressions"
name = "jmespath"
optional = false
python-versions = "*"
version = "0.9.4"

[[package]]
category = "main"
description = "Safely add untrusted strings to HTML/XML markup."
name = "markupsafe"
optional = false
python-versions = ">=2.7,!=3.0.*,!=3.1.*,!=3.2.*,!=3.3.*"
version = "1.1.1"

[[package]]
category = "main"
description = "AutoRest swagger generator Python client runtime."
name = "msrest"
optional = false
python-versions = "*"
version = "0.6.11"

[package.dependencies]
certifi = ">=2017.4.17"
isodate = ">=0.6.0"
requests = ">=2.16,<3.0"
requests-oauthlib = ">=0.5.0"

[[package]]
category = "main"
description = "AutoRest swagger generator Python client runtime. Azure-specific module."
name = "msrestazure"
optional = false
python-versions = "*"
version = "0.6.2"

[package.dependencies]
adal = ">=0.6.0,<2.0.0"
msrest = ">=0.6.0,<2.0.0"

[[package]]
category = "main"
description = "Natural Language Toolkit"
name = "nltk"
optional = false
python-versions = "*"
version = "3.4.5"

[package.dependencies]
six = "*"

[[package]]
category = "main"
description = "A generic, spec-compliant, thorough implementation of the OAuth request-signing logic"
name = "oauthlib"
optional = false
python-versions = ">=2.7, !=3.0.*, !=3.1.*, !=3.2.*, !=3.3.*"
version = "3.1.0"

[[package]]
category = "main"
description = "C parser in Python"
name = "pycparser"
optional = false
python-versions = ">=2.7, !=3.0.*, !=3.1.*, !=3.2.*, !=3.3.*"
version = "2.19"

[[package]]
category = "main"
description = "JSON Web Token implementation in Python"
name = "pyjwt"
optional = false
python-versions = "*"
version = "1.7.1"

[[package]]
category = "main"
description = "Extensions to the standard Python datetime module"
name = "python-dateutil"
optional = false
python-versions = ">=2.7, !=3.0.*, !=3.1.*, !=3.2.*"
version = "2.8.0"

[package.dependencies]
six = ">=1.5"

[[package]]
category = "main"
description = "Python HTTP for Humans."
name = "requests"
optional = false
python-versions = ">=2.7, !=3.0.*, !=3.1.*, !=3.2.*, !=3.3.*, !=3.4.*"
version = "2.22.0"

[package.dependencies]
certifi = ">=2017.4.17"
chardet = ">=3.0.2,<3.1.0"
idna = ">=2.5,<2.9"
urllib3 = ">=1.21.1,<1.25.0 || >1.25.0,<1.25.1 || >1.25.1,<1.26"

[[package]]
category = "main"
description = "OAuthlib authentication support for Requests."
name = "requests-oauthlib"
optional = false
python-versions = ">=2.7, !=3.0.*, !=3.1.*, !=3.2.*, !=3.3.*"
version = "1.3.0"

[package.dependencies]
oauthlib = ">=3.0.0"
requests = ">=2.0.0"

[[package]]
category = "main"
description = "An Amazon S3 Transfer Manager"
name = "s3transfer"
optional = false
python-versions = "*"
version = "0.3.1"

[package.dependencies]
botocore = ">=1.12.36,<2.0.0"

[[package]]
category = "main"
description = "Python 2 and 3 compatibility utilities"
name = "six"
optional = false
python-versions = ">=2.6, !=3.0.*, !=3.1.*"
version = "1.12.0"

[[package]]
category = "main"
description = "A modern CSS selector implementation for Beautiful Soup."
name = "soupsieve"
optional = false
python-versions = ">=3.5"
version = "2.0"

[[package]]
category = "main"
description = "Simple, Pythonic text processing. Sentiment analysis, part-of-speech tagging, noun phrase parsing, and more."
name = "textblob"
optional = false
python-versions = "*"
version = "0.15.3"

[package.dependencies]
nltk = ">=3.1"

[[package]]
category = "main"
description = "HTTP library with thread-safe connection pooling, file post, and more."
name = "urllib3"
optional = false
python-versions = ">=2.7, !=3.0.*, !=3.1.*, !=3.2.*, !=3.3.*, <4"
version = "1.25.6"

[[package]]
category = "main"
description = "The comprehensive WSGI web application library."
name = "werkzeug"
optional = false
python-versions = ">=2.7, !=3.0.*, !=3.1.*, !=3.2.*, !=3.3.*, !=3.4.*"
version = "1.0.0"

[metadata]
content-hash = "db9e51d249627088dd37916ab0dee98c732698d79d9be4f107dab150b7d62303"
python-versions = "^3.7"

[metadata.hashes]
adal = ["5a7f1e037c6290c6d7609cab33a9e5e988c2fbec5c51d1c4c649ee3faff37eaf", "fd17e5661f60634ddf96a569b95d34ccb8a98de60593d729c28bdcfe360eaad1"]
azure-cognitiveservices-search-imagesearch = ["2e0ac679ff8fa1d18100f8c0d5a1de673dfefd2385e13ca561feafc64a4a4f2d", "aa2590763a032422f79347c6058fafc8d0912f0778a1442218a0526f6e0c1069"]
azure-cognitiveservices-search-websearch = ["841f64eddb74d6c747c12d38f92e0f55e1038263bdc939bb545a1d345520a136", "f82288d61096a4e1715b7a6dab8b49f5a31141132611de3e1b7c5185a20f0641"]
azure-common = ["184ad6a05a3089dfdc1ce07c1cbfa489bbc45b5f6f56e848cac0851e6443da21", "3d64e9ab995300f42abd5bc0ef02f02bab661321e394d4dbacb4382ea1fb2f72"]
beautifulsoup4 = ["05fd825eb01c290877657a56df4c6e4c311b3965bda790c613a3d6fb01a5462a", "9fbb4d6e48ecd30bcacc5b63b94088192dcda178513b2ae3c394229f8911b887", "e1505eeed31b0f4ce2dbb3bc8eb256c04cc2b3b72af7d551a4ab6efd5cbe5dae"]
boto3 = ["7aaccacc199cd633b5ac14f0d544c9d592c53275a79cf4d230a9f66215331665", "ca36aabfa5e7fa9ee8f84f82c3faffb4ffe078923f935f572f70dc49154ef6a0"]
botocore = ["96a16e64c96d34fa2e535c1d5a0024bf55eee853b939be0331318cd060b3d395", "f0feffde6e1312c6361a96e24385a58889683a3d6a007be4d4804bc209384b3f"]
bs4 = ["36ecea1fd7cc5c0c6e4a1ff075df26d50da647b75376626cc186e2212886dd3a"]
certifi = ["017c25db2a153ce562900032d5bc68e9f191e44e9a0f762f373977de9df1fbb3", "25b64c7da4cd7479594d035c08c2d809eb4aab3a26e5a990ea98cc450c320f1f"]
cffi = ["001bf3242a1bb04d985d63e138230802c6c8d4db3668fb545fb5005ddf5bb5ff", "00789914be39dffba161cfc5be31b55775de5ba2235fe49aa28c148236c4e06b", "028a579fc9aed3af38f4892bdcc7390508adabc30c6af4a6e4f611b0c680e6ac", "14491a910663bf9f13ddf2bc8f60562d6bc5315c1f09c704937ef17293fb85b0", "1cae98a7054b5c9391eb3249b86e0e99ab1e02bb0cc0575da191aedadbdf4384", "2089ed025da3919d2e75a4d963d008330c96751127dd6f73c8dc0c65041b4c26", "2d384f4a127a15ba701207f7639d94106693b6cd64173d6c8988e2c25f3ac2b6", "337d448e5a725bba2d8293c48d9353fc68d0e9e4088d62a9571def317797522b", "399aed636c7d3749bbed55bc907c3288cb43c65c4389964ad5ff849b6370603e", "3b911c2dbd4f423b4c4fcca138cadde747abdb20d196c4a48708b8a2d32b16dd", "3d311bcc4a41408cf5854f06ef2c5cab88f9fded37a3b95936c9879c1640d4c2", "62ae9af2d069ea2698bf536dcfe1e4eed9090211dbaafeeedf5cb6c41b352f66", "66e41db66b47d0d8672d8ed2708ba91b2f2524ece3dee48b5dfb36be8c2f21dc", "675686925a9fb403edba0114db74e741d8181683dcf216be697d208857e04ca8", "7e63cbcf2429a8dbfe48dcc2322d5f2220b77b2e17b7ba023d6166d84655da55", "8a6c688fefb4e1cd56feb6c511984a6c4f7ec7d2a1ff31a10254f3c817054ae4", "8c0ffc886aea5df6a1762d0019e9cb05f825d0eec1f520c51be9d198701daee5", "95cd16d3dee553f882540c1ffe331d085c9e629499ceadfbda4d4fde635f4b7d", "99f748a7e71ff382613b4e1acc0ac83bf7ad167fb3802e35e90d9763daba4d78", "b8c78301cefcf5fd914aad35d3c04c2b21ce8629b5e4f4e45ae6812e461910fa", "c420917b188a5582a56d8b93bdd8e0f6eca08c84ff623a4c16e809152cd35793", "c43866529f2f06fe0edc6246eb4faa34f03fe88b64a0a9a942561c8e22f4b71f", "cab50b8c2250b46fe738c77dbd25ce017d5e6fb35d3407606e7a4180656a5a6a", "cef128cb4d5e0b3493f058f10ce32365972c554572ff821e175dbc6f8ff6924f", "cf16e3cf6c0a5fdd9bc10c21687e19d29ad1fe863372b5543deaec1039581a30", "e56c744aa6ff427a607763346e4170629caf7e48ead6921745986db3692f987f", "e577934fc5f8779c554639376beeaa5657d54349096ef24abe8c74c5d9c117c3", "f2b0fa0c01d8a0c7483afd9f31d7ecf2d71760ca24499c8697aeb5ca37dc090c"]
chardet = ["84ab92ed1c4d4f16916e05906b6b75a6c0fb5db821cc65e70cbd64a3e2a5eaae", "fc323ffcaeaed0e0a02bf4d117757b98aed530d9ed4531e3e15460124c106691"]
click = ["8a18b4ea89d8820c5d0c7da8a64b2c324b4dabb695804dbfea19b9be9d88c0cc", "e345d143d80bf5ee7534056164e5e112ea5e22716bbb1ce727941f4c8b471b9a"]
cryptography = ["02079a6addc7b5140ba0825f542c0869ff4df9a69c360e339ecead5baefa843c", "1df22371fbf2004c6f64e927668734070a8953362cd8370ddd336774d6743595", "369d2346db5934345787451504853ad9d342d7f721ae82d098083e1f49a582ad", "3cda1f0ed8747339bbdf71b9f38ca74c7b592f24f65cdb3ab3765e4b02871651", "44ff04138935882fef7c686878e1c8fd80a723161ad6a98da31e14b7553170c2", "4b1030728872c59687badcca1e225a9103440e467c17d6d1730ab3d2d64bfeff", "58363dbd966afb4f89b3b11dfb8ff200058fbc3b947507675c19ceb46104b48d", "6ec280fb24d27e3d97aa731e16207d58bd8ae94ef6eab97249a2afe4ba643d42", "7270a6c29199adc1297776937a05b59720e8a782531f1f122f2eb8467f9aab4d", "73fd30c57fa2d0a1d7a49c561c40c2f79c7d6c374cc7750e9ac7c99176f6428e", "7f09806ed4fbea8f51585231ba742b58cbcfbfe823ea197d8c89a5e433c7e912", "90df0cc93e1f8d2fba8365fb59a858f51a11a394d64dbf3ef844f783844cc793", "971221ed40f058f5662a604bd1ae6e4521d84e6cad0b7b170564cc34169c8f13", "a518c153a2b5ed6b8cc03f7ae79d5ffad7315ad4569b2d5333a13c38d64bd8d7", "b0de590a8b0979649ebeef8bb9f54394d3a41f66c5584fff4220901739b6b2f0", "b43f53f29816ba1db8525f006fa6f49292e9b029554b3eb56a189a70f2a40879", "d31402aad60ed889c7e57934a03477b572a03af7794fa8fb1780f21ea8f6551f", "de96157ec73458a7f14e3d26f17f8128c959084931e8997b9e655a39c8fde9f9", "df6b4dca2e11865e6cfbfb708e800efb18370f5a46fd601d3755bc7f85b3a8a2", "ecadccc7ba52193963c0475ac9f6fa28ac01e01349a2ca48509667ef41ffd2cf", "fb81c17e0ebe3358486cd8cc3ad78adbae58af12fc2bf2bc0bb84e8090fa5ce8"]
docutils = ["6c4f696463b79f1fb8ba0c594b63840ebd41f059e92b31957c46b74a4599b6d0", "9e4d7ecfc600058e07ba661411a2b7de2fd0fafa17d1a7f7361cd47b1175c827", "a2aeea129088da402665e92e0b25b04b073c04b2dce4ab65caaa38b7ce2e1a99"]
flask = ["13f9f196f330c7c2c5d7a5cf91af894110ca0215ac051b5844701f2bfd934d52", "45eb5a6fd193d6cf7e0cf5d8a5b31f83d5faae0293695626f539a823e93b13f6"]
flask-cors = ["72170423eb4612f0847318afff8c247b38bd516b7737adfc10d1c2cdbb382d16", "f4d97201660e6bbcff2d89d082b5b6d31abee04b1b3003ee073a6fd25ad1d69a"]
idna = ["c357b3f628cf53ae2c4c05627ecc484553142ca23264e593d327bcde5e9c3407", "ea8b7f6188e6fa117537c3df7da9fc686d485087abf6ac197f9c46432f7e4a3c"]
isodate = ["2e364a3d5759479cdb2d37cce6b9376ea504db2ff90252a2e5b7cc89cc9ff2d8", "aa4d33c06640f5352aca96e4b81afd8ab3b47337cc12089822d6f322ac772c81"]
itsdangerous = ["321b033d07f2a4136d3ec762eac9f16a10ccd60f53c0c91af90217ace7ba1f19", "b12271b2047cb23eeb98c8b5622e2e5c5e9abd9784a153e9d8ef9cb4dd09d749"]
jinja2 = ["93187ffbc7808079673ef52771baa950426fd664d3aad1d0fa3e95644360e250", "b0eaf100007721b5c16c1fc1eecb87409464edc10469ddc9a22a27a99123be49"]
jmespath = ["3720a4b1bd659dd2eecad0666459b9788813e032b83e7ba58578e48254e0a0e6", "bde2aef6f44302dfb30320115b17d030798de8c4110e28d5cf6cf91a7a31074c"]
markupsafe = ["00bc623926325b26bb9605ae9eae8a215691f33cae5df11ca5424f06f2d1f473", "09027a7803a62ca78792ad89403b1b7a73a01c8cb65909cd876f7fcebd79b161", "09c4b7f37d6c648cb13f9230d847adf22f8171b1ccc4d5682398e77f40309235", "1027c282dad077d0bae18be6794e6b6b8c91d58ed8a8d89a89d59693b9131db5", "13d3144e1e340870b25e7b10b98d779608c02016d5184cfb9927a9f10c689f42", "24982cc2533820871eba85ba648cd53d8623687ff11cbb805be4ff7b4c971aff", "29872e92839765e546828bb7754a68c418d927cd064fd4708fab9fe9c8bb116b", "43a55c2930bbc139570ac2452adf3d70cdbb3cfe5912c71cdce1c2c6bbd9c5d1", "46c99d2de99945ec5cb54f23c8cd5689f6d7177305ebff350a58ce5f8de1669e", "500d4957e52ddc3351cabf489e79c91c17f6e0899158447047588650b5e69183", "535f6fc4d397c1563d08b88e485c3496cf5784e927af890fb3c3aac7f933ec66", "596510de112c685489095da617b5bcbbac7dd6384aeebeda4df6025d0256a81b", "62fe6c95e3ec8a7fad637b7f3d372c15ec1caa01ab47926cfdf7a75b40e0eac1", "6788b695d50a51edb699cb55e35487e430fa21f1ed838122d722e0ff0ac5ba15", "6dd73240d2af64df90aa7c4e7481e23825ea70af4b4922f8ede5b9e35f78a3b1", "717ba8fe3ae9cc0006d7c451f0bb265ee07739daf76355d06366154ee68d221e", "79855e1c5b8da654cf486b830bd42c06e8780cea587384cf6545b7d9ac013a0b", "7c1699dfe0cf8ff607dbdcc1e9b9af1755371f92a68f706051cc8c37d447c905", "88e5fcfb52ee7b911e8bb6d6aa2fd21fbecc674eadd44118a9cc3863f938e735", "8defac2f2ccd6805ebf65f5eeb132adcf2ab57aa11fdf4c0dd5169a004710e7d", "98c7086708b163d425c67c7a91bad6e466bb99d797aa64f965e9d25c12111a5e", "9add70b36c5666a2ed02b43b335fe19002ee5235efd4b8a89bfcf9005bebac0d", "9bf40443012702a1d2070043cb6291650a0841ece432556f784f004937f0f32c", "ade5e387d2ad0d7ebf59146cc00c8044acbd863725f887353a10df825fc8ae21", "b00c1de48212e4cc9603895652c5c410df699856a2853135b3967591e4beebc2", "b1282f8c00509d99fef04d8ba936b156d419be841854fe901d8ae224c59f0be5", "b2051432115498d3562c084a49bba65d97cf251f5a331c64a12ee7e04dacc51b", "ba59edeaa2fc6114428f1637ffff42da1e311e29382d81b339c1817d37ec93c6", "c8716a48d94b06bb3b2524c2b77e055fb313aeb4ea620c8dd03a105574ba704f", "cd5df75523866410809ca100dc9681e301e3c27567cf498077e8551b6d20e42f", "cdb132fc825c38e1aeec2c8aa9338310d29d337bebbd7baa06889d09a60a1fa2", "e249096428b3ae81b08327a63a485ad0878de3fb939049038579ac0ef61e17e7", "e8313f01ba26fbbe36c7be1966a7b7424942f670f38e666995b88d012765b9be"]
msrest = ["40faff88e151d393e29512e58b27d141974d6a963e63e4a340fc0ceb13c15f37", "57eba26bd09d839d8f9133aea4b632d3216902efedf580b1a757c67b6538fb2c"]
msrestazure = ["63db9f646fffc9244b332090e679d1e5f283ac491ee0cc321f5116f9450deb4a", "fecb6a72a3eb5483e4deff38210d26ae42d3f6d488a7a275bd2423a1a014b22c"]
nltk = ["a08bdb4b8a1c13de16743068d9eb61c8c71c2e5d642e8e08205c528035843f82", "bed45551259aa2101381bbdd5df37d44ca2669c5c3dad72439fa459b29137d94"]
oauthlib = ["bee41cc35fcca6e988463cacc3bcb8a96224f470ca547e697b604cc697b2f889", "df884cd6cbe20e32633f1db1072e9356f53638e4361bef4e8b03c9127c9328ea"]
pycparser = ["a988718abfad80b6b157acce7bf130a30876d27603738ac39f140993246b25b3"]
pyjwt = ["5c6eca3c2940464d106b99ba83b00c6add741c9becaec087fb7ccdefea71350e", "8d59a976fb773f3e6a39c85636357c4f0e242707394cadadd9814f5cbaa20e96"]
python-dateutil = ["7e6584c74aeed623791615e26efd690f29817a27c73085b78e4bad02493df2fb", "c89805f6f4d64db21ed966fda138f8a5ed7a4fdbc1a8ee329ce1b74e3c74da9e"]
requests = ["11e007a8a2aa0323f5a921e9e6a2d7e4e67d9877e85773fba9ba6419025cbeb4", "9cf5292fcd0f598c671cfc1e0d7d1a7f13bb8085e9a590f48c010551dc6c4b31"]
requests-oauthlib = ["7f71572defaecd16372f9006f33c2ec8c077c3cfa6f5911a9a90202beb513f3d", "b4261601a71fd721a8bd6d7aa1cc1d6a8a93b4a9f5e96626f8e4d91e8beeaa6a", "fa6c47b933f01060936d87ae9327fead68768b69c6c9ea2109c48be30f2d4dbc"]
s3transfer = ["248dffd2de2dfb870c507b412fc22ed37cd3255293e293c395158e7c55fbe5f9", "80ed96731b3bd77395cd6197246069092015e1124164b2c152c8f741a823dd04"]
six = ["3350809f0555b11f552448330d0b52d5f24c91a322ea4a15ef22629740f3761c", "d16a0141ec1a18405cd4ce8b4613101da75da0e9a7aec5bdd4fa804d0e0eba73"]
soupsieve = ["e914534802d7ffd233242b785229d5ba0766a7f487385e3f714446a07bf540ae", "fcd71e08c0aee99aca1b73f45478549ee7e7fc006d51b37bec9e9def7dc22b69"]
textblob = ["7ff3c00cb5a85a30132ee6768b8c68cb2b9d76432fec18cd1b3ffe2f8594ec8c", "b0eafd8b129c9b196c8128056caed891d64b7fa20ba570e1fcde438f4f7dd312"]
urllib3 = ["3de946ffbed6e6746608990594d08faac602528ac7015ac28d33cee6a45b7398", "9a107b99a5393caf59c7aa3c1249c16e6879447533d0887f4336dde834c7be86"]
werkzeug = ["169ba8a33788476292d04186ab33b01d6add475033dfc07215e6d219cc077096", "6dc65cf9091cf750012f56f2cad759fa9e879f511b5ff8685e456b4e3bf90d16"]
